<Solution>
  <Folder Name="/examples/">
    <Project Path="examples/IdentityManagement.DDD/IdentityManagement.DDD.csproj" />
    <Project Path="examples/IdentityManagement/IdentityManagement.csproj" />
    <Project Path="examples/UserManagement.DDD/UserManagement.DDD.csproj" />
    <Project Path="examples/UserManagement/UserManagement.csproj" />
  </Folder>
  <Folder Name="/src/">
    <Project Path="src/OroKernel.Domain/OroKernel.Domain.csproj" />
    <Project Path="src/OroKernel.Domain.Tests/OroKernel.Domain.Tests.csproj" />
    <Project Path="src/OroKernel.Infrastructure/OroKernel.Infrastructure.csproj" />
    <Project Path="src/OroKernel.Infrastructure.Tests/OroKernel.Infrastructure.Tests.csproj" />
  </Folder>
</Solution>
